PODS:
  - FlutterMacOS (1.0.0)
  - vtzero_dart (0.0.1):
    - FlutterMacOS

DEPENDENCIES:
  - FlutterMacOS (from `Flutter/ephemeral`)
  - vtzero_dart (from `Flutter/ephemeral/.symlinks/plugins/vtzero_dart/macos`)

EXTERNAL SOURCES:
  FlutterMacOS:
    :path: Flutter/ephemeral
  vtzero_dart:
    :path: Flutter/ephemeral/.symlinks/plugins/vtzero_dart/macos

SPEC CHECKSUMS:
  FlutterMacOS: d0db08ddef1a9af05a5ec4b724367152bb0500b1
  vtzero_dart: 54531a4bdb6e9887a65571976e35312ef14143c9

PODFILE CHECKSUM: 54d867c82ac51cbd61b565781b9fada492027009

COCOAPODS: 1.16.2
